PODS:
  - IQKeyboardManager (5.0.8)
  - LJContactManager (1.0.2)
  - Masonry (1.1.0)
  - OpenUDID (1.0.0)
  - Realm (3.2.0):
    - Realm/Headers (= 3.2.0)
  - Realm/Headers (3.2.0)

DEPENDENCIES:
  - IQKeyboardManager
  - LJContactManager
  - Masonry
  - OpenUDID
  - Realm

SPEC CHECKSUMS:
  IQKeyboardManager: 266cb7b1d11f94a3e71229d77f960f9a1b538e5b
  LJContactManager: b802a3bd5f6e8fbe4a22da9bb4fee57cf9b0a66a
  Masonry: 678fab65091a9290e40e2832a55e7ab731aad201
  OpenUDID: e7cb6984c7304906ad20f3a36bf087b025896b6b
  Realm: ae552b9b9eca3a12374a589fa842f220e286a80a

PODFILE CHECKSUM: d46271335c37ded0622acb0e99eeeb23d962cbbc

COCOAPODS: 1.4.0
